// !$*UTF8*$!
{
	archiveVersion = 1;
	classes = {
	};
	objectVersion = 50;
	objects = {

/* Begin PBXBuildFile section */
		90509BB420DB6CB600CB6ADD /* AppDelegate.swift in Sources */ = {isa = PBXBuildFile; fileRef = 90509BB320DB6CB600CB6ADD /* AppDelegate.swift */; };
		90509BB620DB6CB600CB6ADD /* ViewController.swift in Sources */ = {isa = PBXBuildFile; fileRef = 90509BB520DB6CB600CB6ADD /* ViewController.swift */; };
		90509BB920DB6CB600CB6ADD /* Main.storyboard in Resources */ = {isa = PBXBuildFile; fileRef = 90509BB720DB6CB600CB6ADD /* Main.storyboard */; };
		90509BBB20DB6CB800CB6ADD /* Assets.xcassets in Resources */ = {isa = PBXBuildFile; fileRef = 90509BBA20DB6CB800CB6ADD /* Assets.xcassets */; };
		90509BBE20DB6CB800CB6ADD /* LaunchScreen.storyboard in Resources */ = {isa = PBXBuildFile; fileRef = 90509BBC20DB6CB800CB6ADD /* LaunchScreen.storyboard */; };
/* End PBXBuildFile section */

/* Begin PBXFileReference section */
		90509BB020DB6CB600CB6ADD /* CustomCalendar.app */ = {isa = PBXFileReference; explicitFileType = wrapper.application; includeInIndex = 0; path = CustomCalendar.app; sourceTree = BUILT_PRODUCTS_DIR; };
		90509BB320DB6CB600CB6ADD /* AppDelegate.swift */ = {isa = PBXFileReference; lastKnownFileType = sourcecode.swift; path = AppDelegate.swift; sourceTree = "<group>"; };
		90509BB520DB6CB600CB6ADD /* ViewController.swift */ = {isa = PBXFileReference; lastKnownFileType = sourcecode.swift; path = ViewController.swift; sourceTree = "<group>"; };
		90509BB820DB6CB600CB6ADD /* Base */ = {isa = PBXFileReference; lastKnownFileType = file.storyboard; name = Base; path = Base.lproj/Main.storyboard; sourceTree = "<group>"; };
		90509BBA20DB6CB800CB6ADD /* Assets.xcassets */ = {isa = PBXFileReference; lastKnownFileType = folder.assetcatalog; path = Assets.xcassets; sourceTree = "<group>"; };
		90509BBD20DB6CB800CB6ADD /* Base */ = {isa = PBXFileReference; lastKnownFileType = file.storyboard; name = Base; path = Base.lproj/LaunchScreen.storyboard; sourceTree = "<group>"; };
		90509BBF20DB6CB800CB6ADD /* Info.plist */ = {isa = PBXFileReference; lastKnownFileType = text.plist.xml; path = Info.plist; sourceTree = "<group>"; };
/* End PBXFileReference section */

/* Begin PBXFrameworksBuildPhase section */
		90509BAD20DB6CB600CB6ADD /* Frameworks */ = {
			isa = PBXFrameworksBuildPhase;
			buildActionMask = 2147483647;
			files = (
			);
			runOnlyForDeploymentPostprocessing = 0;
		};
/* End PBXFrameworksBuildPhase section */

/* Begin PBXGroup section */
		90509BA720DB6CB600CB6ADD = {
			isa = PBXGroup;
			children = (
				90509BB220DB6CB600CB6ADD /* CustomCalendar */,
				90509BB120DB6CB600CB6ADD /* Products */,
			);
			sourceTree = "<group>";
		};
		90509BB120DB6CB600CB6ADD /* Products */ = {
			isa = PBXGroup;
			children = (
				90509BB020DB6CB600CB6ADD /* CustomCalendar.app */,
			);
			name = Products;
			sourceTree = "<group>";
		};
		90509BB220DB6CB600CB6ADD /* CustomCalendar */ = {
			isa = PBXGroup;
			children = (
				90509BB320DB6CB600CB6ADD /* AppDelegate.swift */,
				90509BB520DB6CB600CB6ADD /* ViewController.swift */,
				90509BB720DB6CB600CB6ADD /* Main.storyboard */,
				90509BBA20DB6CB800CB6ADD /* Assets.xcassets */,
				90509BBC20DB6CB800CB6ADD /* LaunchScreen.storyboard */,
				90509BBF20DB6CB800CB6ADD /* Info.plist */,
			);
			path = CustomCalendar;
			sourceTree = "<group>";
		};
/* End PBXGroup section */

/* Begin PBXNativeTarget section */
		90509BAF20DB6CB600CB6ADD /* CustomCalendar */ = {
			isa = PBXNativeTarget;
			buildConfigurationList = 90509BC220DB6CB800CB6ADD /* Build configuration list for PBXNativeTarget "CustomCalendar" */;
			buildPhases = (
				90509BAC20DB6CB600CB6ADD /* Sources */,
				90509BAD20DB6CB600CB6ADD /* Frameworks */,
				90509BAE20DB6CB600CB6ADD /* Resources */,
			);
			buildRules = (
			);
			dependencies = (
			);
			name = CustomCalendar;
			productName = CustomCalendar;
			productReference = 90509BB020DB6CB600CB6ADD /* CustomCalendar.app */;
			productType = "com.apple.product-type.application";
		};
/* End PBXNativeTarget section */

/* Begin PBXProject section */
		90509BA820DB6CB600CB6ADD /* Project object */ = {
			isa = PBXProject;
			attributes = {
				LastSwiftUpdateCheck = 0940;
				LastUpgradeCheck = 0940;
				TargetAttributes = {
					90509BAF20DB6CB600CB6ADD = {
						CreatedOnToolsVersion = 9.4.1;
					};
				};
			};
			buildConfigurationList = 90509BAB20DB6CB600CB6ADD /* Build configuration list for PBXProject "CustomCalendar" */;
			compatibilityVersion = "Xcode 9.3";
			developmentRegion = en;
			hasScannedForEncodings = 0;
			knownRegions = (
				en,
				Base,
			);
			mainGroup = 90509BA720DB6CB600CB6ADD;
			productRefGroup = 90509BB120DB6CB600CB6ADD /* Products */;
			projectDirPath = "";
			projectRoot = "";
			targets = (
				90509BAF20DB6CB600CB6ADD /* CustomCalendar */,
			);
		};
/* End PBXProject section */

/* Begin PBXResourcesBuildPhase section */
		90509BAE20DB6CB600CB6ADD /* Resources */ = {
			isa = PBXResourcesBuildPhase;
			buildActionMask = 2147483647;
			files = (
				90509BBE20DB6CB800CB6ADD /* LaunchScreen.storyboard in Resources */,
				90509BBB20DB6CB800CB6ADD /* Assets.xcassets in Resources */,
				90509BB920DB6CB600CB6ADD /* Main.storyboard in Resources */,
			);
			runOnlyForDeploymentPostprocessing = 0;
		};
/* End PBXResourcesBuildPhase section */

/* Begin PBXSourcesBuildPhase section */
		90509BAC20DB6CB600CB6ADD /* Sources */ = {
			isa = PBXSourcesBuildPhase;
			buildActionMask = 2147483647;
			files = (
				90509BB620DB6CB600CB6ADD /* ViewController.swift in Sources */,
				90509BB420DB6CB600CB6ADD /* AppDelegate.swift in Sources */,
			);
			runOnlyForDeploymentPostprocessing = 0;
		};
/* End PBXSourcesBuildPhase section */

/* Begin PBXVariantGroup section */
		90509BB720DB6CB600CB6ADD /* Main.storyboard */ = {
			isa = PBXVariantGroup;
			children = (
				90509BB820DB6CB600CB6ADD /* Base */,
			);
			name = Main.storyboard;
			sourceTree = "<group>";
		};
		90509BBC20DB6CB800CB6ADD /* LaunchScreen.storyboard */ = {
			isa = PBXVariantGroup;
			children = (
				90509BBD20DB6CB800CB6ADD /* Base */,
			);
			name = LaunchScreen.storyboard;
			sourceTree = "<group>";
		};
/* End PBXVariantGroup section */

/* Begin XCBuildConfiguration section */
		90509BC020DB6CB800CB6ADD /* Debug */ = {
			isa = XCBuildConfiguration;
			buildSettings = {
				ALWAYS_SEARCH_USER_PATHS = NO;
				CLANG_ANALYZER_NONNULL = YES;
				CLANG_ANALYZER_NUMBER_OBJECT_CONVERSION = YES_AGGRESSIVE;
				CLANG_CXX_LANGUAGE_STANDARD = "gnu++14";
				CLANG_CXX_LIBRARY = "libc++";
				CLANG_ENABLE_MODULES = YES;
				CLANG_ENABLE_OBJC_ARC = YES;
				CLANG_ENABLE_OBJC_WEAK = YES;
				CLANG_WARN_BLOCK_CAPTURE_AUTORELEASING = YES;
				CLANG_WARN_BOOL_CONVERSION = YES;
				CLANG_WARN_COMMA = YES;
				CLANG_WARN_CONSTANT_CONVERSION = YES;
				CLANG_WARN_DEPRECATED_OBJC_IMPLEMENTATIONS = YES;
				CLANG_WARN_DIRECT_OBJC_ISA_USAGE = YES_ERROR;
				CLANG_WARN_DOCUMENTATION_COMMENTS = YES;
				CLANG_WARN_EMPTY_BODY = YES;
				CLANG_WARN_ENUM_CONVERSION = YES;
				CLANG_WARN_INFINITE_RECURSION = YES;
				CLANG_WARN_INT_CONVERSION = YES;
				CLANG_WARN_NON_LITERAL_NULL_CONVERSION = YES;
				CLANG_WARN_OBJC_IMPLICIT_RETAIN_SELF = YES;
				CLANG_WARN_OBJC_LITERAL_CONVERSION = YES;
				CLANG_WARN_OBJC_ROOT_CLASS = YES_ERROR;
				CLANG_WARN_RANGE_LOOP_ANALYSIS = YES;
				CLANG_WARN_STRICT_PROTOTYPES = YES;
				CLANG_WARN_SUSPICIOUS_MOVE = YES;
				CLANG_WARN_UNGUARDED_AVAILABILITY = YES_AGGRESSIVE;
				CLANG_WARN_UNREACHABLE_CODE = YES;
				CLANG_WARN__DUPLICATE_METHOD_MATCH = YES;
				CODE_SIGN_IDENTITY = "iPhone Developer";
				COPY_PHASE_STRIP = NO;
				DEBUG_INFORMATION_FORMAT = dwarf;
				ENABLE_STRICT_OBJC_MSGSEND = YES;
				ENABLE_TESTABILITY = YES;
				GCC_C_LANGUAGE_STANDARD = gnu11;
				GCC_DYNAMIC_NO_PIC = NO;
				GCC_NO_COMMON_BLOCKS = YES;
				GCC_OPTIMIZATION_LEVEL = 0;
				GCC_PREPROCESSOR_DEFINITIONS = (
					"DEBUG=1",
					"$(inherited)",
				);
				GCC_WARN_64_TO_32_BIT_CONVERSION = YES;
				GCC_WARN_ABOUT_RETURN_TYPE = YES_ERROR;
				GCC_WARN_UNDECLARED_SELECTOR = YES;
				GCC_WARN_UNINITIALIZED_AUTOS = YES_AGGRESSIVE;
				GCC_WARN_UNUSED_FUNCTION = YES;
				GCC_WARN_UNUSED_VARIABLE = YES;
				IPHONEOS_DEPLOYMENT_TARGET = 11.4;
				MTL_ENABLE_DEBUG_INFO = YES;
				ONLY_ACTIVE_ARCH = YES;
				SDKROOT = iphoneos;
				SWIFT_ACTIVE_COMPILATION_CONDITIONS = DEBUG;
				SWIFT_OPTIMIZATION_LEVEL = "-Onone";
			};
			name = Debug;
		};
		90509BC120DB6CB800CB6ADD /* Release */ = {
			isa = XCBuildConfiguration;
			buildSettings = {
				ALWAYS_SEARCH_USER_PATHS = NO;
				CLANG_ANALYZER_NONNULL = YES;
				CLANG_ANALYZER_NUMBER_OBJECT_CONVERSION = YES_AGGRESSIVE;
				CLANG_CXX_LANGUAGE_STANDARD = "gnu++14";
				CLANG_CXX_LIBRARY = "libc++";
				CLANG_ENABLE_MODULES = YES;
				CLANG_ENABLE_OBJC_ARC = YES;
				CLANG_ENABLE_OBJC_WEAK = YES;
				CLANG_WARN_BLOCK_CAPTURE_AUTORELEASING = YES;
				CLANG_WARN_BOOL_CONVERSION = YES;
				CLANG_WARN_COMMA = YES;
				CLANG_WARN_CONSTANT_CONVERSION = YES;
				CLANG_WARN_DEPRECATED_OBJC_IMPLEMENTATIONS = YES;
				CLANG_WARN_DIRECT_OBJC_ISA_USAGE = YES_ERROR;
				CLANG_WARN_DOCUMENTATION_COMMENTS = YES;
				CLANG_WARN_EMPTY_BODY = YES;
				CLANG_WARN_ENUM_CONVERSION = YES;
				CLANG_WARN_INFINITE_RECURSION = YES;
				CLANG_WARN_INT_CONVERSION = YES;
				CLANG_WARN_NON_LITERAL_NULL_CONVERSION = YES;
				CLANG_WARN_OBJC_IMPLICIT_RETAIN_SELF = YES;
				CLANG_WARN_OBJC_LITERAL_CONVERSION = YES;
				CLANG_WARN_OBJC_ROOT_CLASS = YES_ERROR;
				CLANG_WARN_RANGE_LOOP_ANALYSIS = YES;
				CLANG_WARN_STRICT_PROTOTYPES = YES;
				CLANG_WARN_SUSPICIOUS_MOVE = YES;
				CLANG_WARN_UNGUARDED_AVAILABILITY = YES_AGGRESSIVE;
				CLANG_WARN_UNREACHABLE_CODE = YES;
				CLANG_WARN__DUPLICATE_METHOD_MATCH = YES;
				CODE_SIGN_IDENTITY = "iPhone Developer";
				COPY_PHASE_STRIP = NO;
				DEBUG_INFORMATION_FORMAT = "dwarf-with-dsym";
				ENABLE_NS_ASSERTIONS = NO;
				ENABLE_STRICT_OBJC_MSGSEND = YES;
				GCC_C_LANGUAGE_STANDARD = gnu11;
				GCC_NO_COMMON_BLOCKS = YES;
				GCC_WARN_64_TO_32_BIT_CONVERSION = YES;
				GCC_WARN_ABOUT_RETURN_TYPE = YES_ERROR;
				GCC_WARN_UNDECLARED_SELECTOR = YES;
				GCC_WARN_UNINITIALIZED_AUTOS = YES_AGGRESSIVE;
				GCC_WARN_UNUSED_FUNCTION = YES;
				GCC_WARN_UNUSED_VARIABLE = YES;
				IPHONEOS_DEPLOYMENT_TARGET = 11.4;
				MTL_ENABLE_DEBUG_INFO = NO;
				SDKROOT = iphoneos;
				SWIFT_COMPILATION_MODE = wholemodule;
				SWIFT_OPTIMIZATION_LEVEL = "-O";
				VALIDATE_PRODUCT = YES;
			};
			name = Release;
		};
		90509BC320DB6CB800CB6ADD /* Debug */ = {
			isa = XCBuildConfiguration;
			buildSettings = {
				ASSETCATALOG_COMPILER_APPICON_NAME = AppIcon;
				CODE_SIGN_STYLE = Automatic;
				DEVELOPMENT_TEAM = SS67CC6A58;
				INFOPLIST_FILE = CustomCalendar/Info.plist;
				LD_RUNPATH_SEARCH_PATHS = (
					"$(inherited)",
					"@executable_path/Frameworks",
				);
				PRODUCT_BUNDLE_IDENTIFIER = com.utrillavictor.CustomCalendar;
				PRODUCT_NAME = "$(TARGET_NAME)";
				SWIFT_VERSION = 4.0;
				TARGETED_DEVICE_FAMILY = "1,2";
			};
			name = Debug;
		};
		90509BC420DB6CB800CB6ADD /* Release */ = {
			isa = XCBuildConfiguration;
			buildSettings = {
				ASSETCATALOG_COMPILER_APPICON_NAME = AppIcon;
				CODE_SIGN_STYLE = Automatic;
				DEVELOPMENT_TEAM = SS67CC6A58;
				INFOPLIST_FILE = CustomCalendar/Info.plist;
				LD_RUNPATH_SEARCH_PATHS = (
					"$(inherited)",
					"@executable_path/Frameworks",
				);
				PRODUCT_BUNDLE_IDENTIFIER = com.utrillavictor.CustomCalendar;
				PRODUCT_NAME = "$(TARGET_NAME)";
				SWIFT_VERSION = 4.0;
				TARGETED_DEVICE_FAMILY = "1,2";
			};
			name = Release;
		};
/* End XCBuildConfiguration section */

/* Begin XCConfigurationList section */
		90509BAB20DB6CB600CB6ADD /* Build configuration list for PBXProject "CustomCalendar" */ = {
			isa = XCConfigurationList;
			buildConfigurations = (
				90509BC020DB6CB800CB6ADD /* Debug */,
				90509BC120DB6CB800CB6ADD /* Release */,
			);
			defaultConfigurationIsVisible = 0;
			defaultConfigurationName = Release;
		};
		90509BC220DB6CB800CB6ADD /* Build configuration list for PBXNativeTarget "CustomCalendar" */ = {
			isa = XCConfigurationList;
			buildConfigurations = (
				90509BC320DB6CB800CB6ADD /* Debug */,
				90509BC420DB6CB800CB6ADD /* Release */,
			);
			defaultConfigurationIsVisible = 0;
			defaultConfigurationName = Release;
		};
/* End XCConfigurationList section */
	};
	rootObject = 90509BA820DB6CB600CB6ADD /* Project object */;
}
